
Microsoft Visual Studio Solution File, Format Version 12.00
# Visual Studio Version 17
VisualStudioVersion = 17.11.35208.52
MinimumVisualStudioVersion = 10.0.40219.1
Project("{FAE04EC0-301F-11D3-BF4B-00C04F79EFBC}") = "W3LabActivity_Dolera", "W3LabActivity_Dolera.csproj", "{420F1AC9-EFE6-415B-BBF9-8BCC43E416D9}"
EndProject
Global
	GlobalSection(SolutionConfigurationPlatforms) = preSolution
		Debug|Any CPU = Debug|Any CPU
		Release|Any CPU = Release|Any CPU
	EndGlobalSection
	GlobalSection(ProjectConfigurationPlatforms) = postSolution
		{420F1AC9-EFE6-415B-BBF9-8BCC43E416D9}.Debug|Any CPU.ActiveCfg = Debug|Any CPU
		{420F1AC9-EFE6-415B-BBF9-8BCC43E416D9}.Debug|Any CPU.Build.0 = Debug|Any CPU
		{420F1AC9-EFE6-415B-BBF9-8BCC43E416D9}.Release|Any CPU.ActiveCfg = Release|Any CPU
		{420F1AC9-EFE6-415B-BBF9-8BCC43E416D9}.Release|Any CPU.Build.0 = Release|Any CPU
	EndGlobalSection
	GlobalSection(SolutionProperties) = preSolution
		HideSolutionNode = FALSE
	EndGlobalSection
	GlobalSection(ExtensibilityGlobals) = postSolution
		SolutionGuid = {5312132D-A40E-4A17-A70B-FD03773A87F6}
	EndGlobalSection
EndGlobal
